// !$*UTF8*$!
{
	archiveVersion = 1;
	classes = {
	};
	objectVersion = 46;
	objects = {

/* Begin PBXBuildFile section */
		08E4F0461AA33C5200714830 /* LayoutManager.cpp in Sources */ = {isa = PBXBuildFile; fileRef = 08E4F0441AA33C5200714830 /* LayoutManager.cpp */; };
		11263DD5787331C9CA71BD36 /* NeoPixelGrid32x32.cpp in Sources */ = {isa = PBXBuildFile; fileRef = C52E7BEE6804CC169C6A3CBF /* NeoPixelGrid32x32.cpp */; };
		18FA42C471CF66795EF9EB97 /* ofxTCPClient.cpp in Sources */ = {isa = PBXBuildFile; fileRef = C3766129862C931409F5C3D4 /* ofxTCPClient.cpp */; };
		1AF15FCF93D2DDD6D4285C8E /* AppManager.cpp in Sources */ = {isa = PBXBuildFile; fileRef = 5056FC61E30B9810903B814D /* AppManager.cpp */; };
		24D768C6C84C61F3CBD97997 /* NeoPixelShield5x8.cpp in Sources */ = {isa = PBXBuildFile; fileRef = 82294747CDA8826204E84289 /* NeoPixelShield5x8.cpp */; };
		2A4EB329701354C644FC7683 /* NeoPixelGrid8x8.cpp in Sources */ = {isa = PBXBuildFile; fileRef = FC3ECB222AF32D3ECAEF6D19 /* NeoPixelGrid8x8.cpp */; };
		2F327561F7FA3FC4C2AB0363 /* NeoPixel.cpp in Sources */ = {isa = PBXBuildFile; fileRef = 0D9F8BAA922CF76DBE00342D /* NeoPixel.cpp */; };
		325F3943C3EF9FCFF6C34AC0 /* ofxOPC.cpp in Sources */ = {isa = PBXBuildFile; fileRef = 33C1FB61376A6A54BEE24E8A /* ofxOPC.cpp */; };
		350F08FF61B2B09D462D4D6E /* NeoPixelRing60px.cpp in Sources */ = {isa = PBXBuildFile; fileRef = 9523F6E7493B67421FCAE61F /* NeoPixelRing60px.cpp */; };
		3A6C7D72771284673CBE247D /* ImageVisual.cpp in Sources */ = {isa = PBXBuildFile; fileRef = 4F661FE0411AA0AC01E34CB7 /* ImageVisual.cpp */; };
		44D0F3D21AC4097A857F0638 /* NeoPixelStick.cpp in Sources */ = {isa = PBXBuildFile; fileRef = 7967AB42670A05F21D252CF6 /* NeoPixelStick.cpp */; };
		48F94177806B5CB8D3C0F283 /* CameraAnimations.cpp in Sources */ = {isa = PBXBuildFile; fileRef = A05F1DCF8180DEEC9FBAE585 /* CameraAnimations.cpp */; };
		5333265E1B11FF3577F62A0E /* Font.cpp in Sources */ = {isa = PBXBuildFile; fileRef = 7725EB5002D6F869E2B37B77 /* Font.cpp */; };
		543B6642609D783E6FB032AF /* ReadMe.md in Sources */ = {isa = PBXBuildFile; fileRef = D7A53CFBD5E4DB74ADCB31B3 /* ReadMe.md */; };
		58BCEB4034B30CB4A3456FC7 /* SettingsManager.cpp in Sources */ = {isa = PBXBuildFile; fileRef = 73D7AA4CF4895FC3DEEC2978 /* SettingsManager.cpp */; };
		62910678AFC55FB016541F66 /* NeoPixelRing12px.cpp in Sources */ = {isa = PBXBuildFile; fileRef = 1E50E3AA103792C5F91D4E30 /* NeoPixelRing12px.cpp */; };
		638F4F2E9D8C4E322522038B /* NeoPixelRing24px.cpp in Sources */ = {isa = PBXBuildFile; fileRef = 6E874855C5F711D89163FA8C /* NeoPixelRing24px.cpp */; };
		66A6F1C16CF15F386BA660C2 /* ofxTCPManager.cpp in Sources */ = {isa = PBXBuildFile; fileRef = BFD8277CE37B4415D3D4ED84 /* ofxTCPManager.cpp */; };
		6F36C225B48477DFCCA6FB64 /* ResourceManager.cpp in Sources */ = {isa = PBXBuildFile; fileRef = 5FA64D51DA6D1619944A259C /* ResourceManager.cpp */; };
		7F06984C0BB75CBACACB10CA /* NeoPixelStrip.cpp in Sources */ = {isa = PBXBuildFile; fileRef = 507298DAC719FC1C10DAAAD5 /* NeoPixelStrip.cpp */; };
		875651AF8693D3DE4CC23485 /* VisualEffects.cpp in Sources */ = {isa = PBXBuildFile; fileRef = DCB9CB9C1093718FA5F131FA /* VisualEffects.cpp */; };
		8BC3D4AABDF5E655706BA3B8 /* SvgVisual.cpp in Sources */ = {isa = PBXBuildFile; fileRef = 19361E6857FB31277A2FEE46 /* SvgVisual.cpp */; };
		8C9DFFBD826A20F752ED0CD6 /* CameraManager.cpp in Sources */ = {isa = PBXBuildFile; fileRef = 89DFBB918E3BCAFB0C93CAF3 /* CameraManager.cpp */; };
		8CB0A46B3A54F961BA55A6A6 /* ofxUDPManager.cpp in Sources */ = {isa = PBXBuildFile; fileRef = 91AC3F3D3E7AE70429272D9E /* ofxUDPManager.cpp */; };
		9144DA601D35D209DD2C5B58 /* Instructions.txt in Sources */ = {isa = PBXBuildFile; fileRef = B3C91EAD16AC83AFD4BB633D /* Instructions.txt */; };
		916ADEB631696DEEED3ACEBA /* HaloManager.cpp in Sources */ = {isa = PBXBuildFile; fileRef = 1A8B82F1016E111F99C20832 /* HaloManager.cpp */; };
		944C582F1366C745FFE8A0EB /* HaloRing.cpp in Sources */ = {isa = PBXBuildFile; fileRef = 6C840A1E20392AF630547906 /* HaloRing.cpp */; };
		9D9E0E996DA1B9AC9952C889 /* ViewManager.cpp in Sources */ = {isa = PBXBuildFile; fileRef = 4FE37A31C904F445222B25FC /* ViewManager.cpp */; };
		B790DA4F42194210B9259E42 /* VisualEffectsManager.cpp in Sources */ = {isa = PBXBuildFile; fileRef = BEDDA11B665FA62A298B7C39 /* VisualEffectsManager.cpp */; };
		BBAB23CB13894F3D00AA2426 /* GLUT.framework in CopyFiles */ = {isa = PBXBuildFile; fileRef = BBAB23BE13894E4700AA2426 /* GLUT.framework */; };
		C5CCD16B524E215288E47400 /* HaloLightApp.cpp in Sources */ = {isa = PBXBuildFile; fileRef = 8E525E094C2C0F02CEAD7CAF /* HaloLightApp.cpp */; };
		C6B3BFC2668F137F745DC3C6 /* CameraAnimationsManager.cpp in Sources */ = {isa = PBXBuildFile; fileRef = 3C01FEEAD29823C01C4EEC27 /* CameraAnimationsManager.cpp */; };
		D40A61B2ACD21548A068C892 /* NeoPixelRing16px.cpp in Sources */ = {isa = PBXBuildFile; fileRef = D3EF7125E4D108D465FDC410 /* NeoPixelRing16px.cpp */; };
		DA22DA3A4F2E611DF50078F2 /* main.cpp in Sources */ = {isa = PBXBuildFile; fileRef = 6E3F47F486843AA062205007 /* main.cpp */; };
		DB05E98D002D6650AA23E87B /* TextVisual.cpp in Sources */ = {isa = PBXBuildFile; fileRef = 0227F9BE14631C9FE7CA55B1 /* TextVisual.cpp */; };
		DC16DA963E4E5873F0AE7C9E /* LightManager.cpp in Sources */ = {isa = PBXBuildFile; fileRef = 09F8F2DF1D53E65319F30B96 /* LightManager.cpp */; };
		E4328149138ABC9F0047C5CB /* openFrameworksDebug.a in Frameworks */ = {isa = PBXBuildFile; fileRef = E4328148138ABC890047C5CB /* openFrameworksDebug.a */; };
		E45BE97B0E8CC7DD009D7055 /* AGL.framework in Frameworks */ = {isa = PBXBuildFile; fileRef = E45BE9710E8CC7DD009D7055 /* AGL.framework */; };
		E45BE97C0E8CC7DD009D7055 /* ApplicationServices.framework in Frameworks */ = {isa = PBXBuildFile; fileRef = E45BE9720E8CC7DD009D7055 /* ApplicationServices.framework */; };
		E45BE97D0E8CC7DD009D7055 /* AudioToolbox.framework in Frameworks */ = {isa = PBXBuildFile; fileRef = E45BE9730E8CC7DD009D7055 /* AudioToolbox.framework */; };
		E45BE97F0E8CC7DD009D7055 /* CoreAudio.framework in Frameworks */ = {isa = PBXBuildFile; fileRef = E45BE9750E8CC7DD009D7055 /* CoreAudio.framework */; };
		E45BE9800E8CC7DD009D7055 /* CoreFoundation.framework in Frameworks */ = {isa = PBXBuildFile; fileRef = E45BE9760E8CC7DD009D7055 /* CoreFoundation.framework */; };
		E45BE9810E8CC7DD009D7055 /* CoreServices.framework in Frameworks */ = {isa = PBXBuildFile; fileRef = E45BE9770E8CC7DD009D7055 /* CoreServices.framework */; };
		E45BE9830E8CC7DD009D7055 /* OpenGL.framework in Frameworks */ = {isa = PBXBuildFile; fileRef = E45BE9790E8CC7DD009D7055 /* OpenGL.framework */; };
		E45BE9840E8CC7DD009D7055 /* QuickTime.framework in Frameworks */ = {isa = PBXBuildFile; fileRef = E45BE97A0E8CC7DD009D7055 /* QuickTime.framework */; };
		E4C2424710CC5A17004149E2 /* AppKit.framework in Frameworks */ = {isa = PBXBuildFile; fileRef = E4C2424410CC5A17004149E2 /* AppKit.framework */; };
		E4C2424810CC5A17004149E2 /* Cocoa.framework in Frameworks */ = {isa = PBXBuildFile; fileRef = E4C2424510CC5A17004149E2 /* Cocoa.framework */; };
		E4C2424910CC5A17004149E2 /* IOKit.framework in Frameworks */ = {isa = PBXBuildFile; fileRef = E4C2424610CC5A17004149E2 /* IOKit.framework */; };
		E4EB6799138ADC1D00A09F29 /* GLUT.framework in Frameworks */ = {isa = PBXBuildFile; fileRef = BBAB23BE13894E4700AA2426 /* GLUT.framework */; };
		E7E077E515D3B63C0020DFD4 /* CoreVideo.framework in Frameworks */ = {isa = PBXBuildFile; fileRef = E7E077E415D3B63C0020DFD4 /* CoreVideo.framework */; };
		E7E077E815D3B6510020DFD4 /* QTKit.framework in Frameworks */ = {isa = PBXBuildFile; fileRef = E7E077E715D3B6510020DFD4 /* QTKit.framework */; };
		E7F985F815E0DEA3003869B5 /* Accelerate.framework in Frameworks */ = {isa = PBXBuildFile; fileRef = E7F985F515E0DE99003869B5 /* Accelerate.framework */; };
		F60A8CA415750AA5DDCC6169 /* ofxTCPServer.cpp in Sources */ = {isa = PBXBuildFile; fileRef = 0D5A3D829B70F3ADF69A0F1C /* ofxTCPServer.cpp */; };
		F7EA3801298F5E54967C119B /* ImageVisual3D.cpp in Sources */ = {isa = PBXBuildFile; fileRef = 3DD6F074B2A9C65331157B2C /* ImageVisual3D.cpp */; };
		FDBF3E3276ACAF0114532C4B /* KeyboardManager.cpp in Sources */ = {isa = PBXBuildFile; fileRef = E5226C8680238D2C7A07EEFB /* KeyboardManager.cpp */; };
/* End PBXBuildFile section */

/* Begin PBXContainerItemProxy section */
		E4328147138ABC890047C5CB /* PBXContainerItemProxy */ = {
			isa = PBXContainerItemProxy;
			containerPortal = E4328143138ABC890047C5CB /* openFrameworksLib.xcodeproj */;
			proxyType = 2;
			remoteGlobalIDString = E4B27C1510CBEB8E00536013;
			remoteInfo = openFrameworks;
		};
		E4EEB9AB138B136A00A80321 /* PBXContainerItemProxy */ = {
			isa = PBXContainerItemProxy;
			containerPortal = E4328143138ABC890047C5CB /* openFrameworksLib.xcodeproj */;
			proxyType = 1;
			remoteGlobalIDString = E4B27C1410CBEB8E00536013;
			remoteInfo = openFrameworks;
		};
/* End PBXContainerItemProxy section */

/* Begin PBXCopyFilesBuildPhase section */
		E4C2427710CC5ABF004149E2 /* CopyFiles */ = {
			isa = PBXCopyFilesBuildPhase;
			buildActionMask = 2147483647;
			dstPath = "";
			dstSubfolderSpec = 10;
			files = (
				BBAB23CB13894F3D00AA2426 /* GLUT.framework in CopyFiles */,
			);
			runOnlyForDeploymentPostprocessing = 0;
		};
/* End PBXCopyFilesBuildPhase section */

/* Begin PBXFileReference section */
		004EEF328125D63370DCE7B1 /* NeoPixelRing12px.h */ = {isa = PBXFileReference; explicitFileType = sourcecode.c.h; fileEncoding = 30; name = NeoPixelRing12px.h; path = src/Addons/ofxOPC/src/NeoPixelRing12px.h; sourceTree = SOURCE_ROOT; };
		0227F9BE14631C9FE7CA55B1 /* TextVisual.cpp */ = {isa = PBXFileReference; explicitFileType = sourcecode.cpp.cpp; fileEncoding = 30; name = TextVisual.cpp; path = src/Engine/Visuals/TextVisual.cpp; sourceTree = SOURCE_ROOT; };
		08E4F0441AA33C5200714830 /* LayoutManager.cpp */ = {isa = PBXFileReference; fileEncoding = 4; lastKnownFileType = sourcecode.cpp.cpp; name = LayoutManager.cpp; path = Layout/LayoutManager.cpp; sourceTree = "<group>"; };
		08E4F0451AA33C5200714830 /* LayoutManager.h */ = {isa = PBXFileReference; fileEncoding = 4; lastKnownFileType = sourcecode.c.h; name = LayoutManager.h; path = Layout/LayoutManager.h; sourceTree = "<group>"; };
		08E4F0471AA3537300714830 /* HaloLight.app */ = {isa = PBXFileReference; explicitFileType = wrapper.application; includeInIndex = 0; name = HaloLight.app; path = /Users/imanolgo/Applications/of_v0.8.4_osx_release/apps/myApps/HaloLight/bin/HaloLight.app; sourceTree = "<absolute>"; };
		09F8F2DF1D53E65319F30B96 /* LightManager.cpp */ = {isa = PBXFileReference; explicitFileType = sourcecode.cpp.cpp; fileEncoding = 30; name = LightManager.cpp; path = src/Engine/3D/LightManager.cpp; sourceTree = SOURCE_ROOT; };
		0D5A3D829B70F3ADF69A0F1C /* ofxTCPServer.cpp */ = {isa = PBXFileReference; explicitFileType = sourcecode.cpp.cpp; fileEncoding = 30; name = ofxTCPServer.cpp; path = src/Addons/ofxNetwork/src/ofxTCPServer.cpp; sourceTree = SOURCE_ROOT; };
		0D9F8BAA922CF76DBE00342D /* NeoPixel.cpp */ = {isa = PBXFileReference; explicitFileType = sourcecode.cpp.cpp; fileEncoding = 30; name = NeoPixel.cpp; path = src/Addons/ofxOPC/src/NeoPixel.cpp; sourceTree = SOURCE_ROOT; };
		11C490A0CA5771C60AE54B4B /* ImageVisual.h */ = {isa = PBXFileReference; explicitFileType = sourcecode.c.h; fileEncoding = 30; name = ImageVisual.h; path = src/Engine/Visuals/ImageVisual.h; sourceTree = SOURCE_ROOT; };
		1550BD03779C30A60DAC78D7 /* NeoPixelStick.h */ = {isa = PBXFileReference; explicitFileType = sourcecode.c.h; fileEncoding = 30; name = NeoPixelStick.h; path = src/Addons/ofxOPC/src/NeoPixelStick.h; sourceTree = SOURCE_ROOT; };
		1631492253F7EFF48DB8F6B4 /* NeoPixelRing60px.h */ = {isa = PBXFileReference; explicitFileType = sourcecode.c.h; fileEncoding = 30; name = NeoPixelRing60px.h; path = src/Addons/ofxOPC/src/NeoPixelRing60px.h; sourceTree = SOURCE_ROOT; };
		19361E6857FB31277A2FEE46 /* SvgVisual.cpp */ = {isa = PBXFileReference; explicitFileType = sourcecode.cpp.cpp; fileEncoding = 30; name = SvgVisual.cpp; path = src/Engine/Visuals/SvgVisual.cpp; sourceTree = SOURCE_ROOT; };
		1A8B82F1016E111F99C20832 /* HaloManager.cpp */ = {isa = PBXFileReference; explicitFileType = sourcecode.cpp.cpp; fileEncoding = 30; name = HaloManager.cpp; path = src/Halo/HaloManager.cpp; sourceTree = SOURCE_ROOT; };
		1D7B4D07648F9CB293716166 /* ImageVisual3D.h */ = {isa = PBXFileReference; explicitFileType = sourcecode.c.h; fileEncoding = 30; name = ImageVisual3D.h; path = src/Engine/Visuals/ImageVisual3D.h; sourceTree = SOURCE_ROOT; };
		1E50E3AA103792C5F91D4E30 /* NeoPixelRing12px.cpp */ = {isa = PBXFileReference; explicitFileType = sourcecode.cpp.cpp; fileEncoding = 30; name = NeoPixelRing12px.cpp; path = src/Addons/ofxOPC/src/NeoPixelRing12px.cpp; sourceTree = SOURCE_ROOT; };
		271C32860D26476A3062B447 /* NeoPixelRing16px.h */ = {isa = PBXFileReference; explicitFileType = sourcecode.c.h; fileEncoding = 30; name = NeoPixelRing16px.h; path = src/Addons/ofxOPC/src/NeoPixelRing16px.h; sourceTree = SOURCE_ROOT; };
		2A2B7E7FDC1CFF4A547CC661 /* VisualEffects.h */ = {isa = PBXFileReference; explicitFileType = sourcecode.c.h; fileEncoding = 30; name = VisualEffects.h; path = src/Engine/Visuals/VisualEffects.h; sourceTree = SOURCE_ROOT; };
		2E8E2205F39B5CE04950F6F1 /* NeoPixelGrid8x8.h */ = {isa = PBXFileReference; explicitFileType = sourcecode.c.h; fileEncoding = 30; name = NeoPixelGrid8x8.h; path = src/Addons/ofxOPC/src/NeoPixelGrid8x8.h; sourceTree = SOURCE_ROOT; };
		33C1FB61376A6A54BEE24E8A /* ofxOPC.cpp */ = {isa = PBXFileReference; explicitFileType = sourcecode.cpp.cpp; fileEncoding = 30; name = ofxOPC.cpp; path = src/Addons/ofxOPC/src/ofxOPC.cpp; sourceTree = SOURCE_ROOT; };
		35B7F954496FF74FD0883657 /* HaloRing.h */ = {isa = PBXFileReference; explicitFileType = sourcecode.c.h; fileEncoding = 30; name = HaloRing.h; path = src/Halo/HaloRing.h; sourceTree = SOURCE_ROOT; };
		3656BF3981C35A273806DCEB /* BasicVisual.h */ = {isa = PBXFileReference; explicitFileType = sourcecode.c.h; fileEncoding = 30; name = BasicVisual.h; path = src/Engine/Visuals/BasicVisual.h; sourceTree = SOURCE_ROOT; };
		3C01FEEAD29823C01C4EEC27 /* CameraAnimationsManager.cpp */ = {isa = PBXFileReference; explicitFileType = sourcecode.cpp.cpp; fileEncoding = 30; name = CameraAnimationsManager.cpp; path = src/Engine/3D/CameraAnimationsManager.cpp; sourceTree = SOURCE_ROOT; };
		3DD6F074B2A9C65331157B2C /* ImageVisual3D.cpp */ = {isa = PBXFileReference; explicitFileType = sourcecode.cpp.cpp; fileEncoding = 30; name = ImageVisual3D.cpp; path = src/Engine/Visuals/ImageVisual3D.cpp; sourceTree = SOURCE_ROOT; };
		446760FB4E87774375C1C5E9 /* NeoPixelGrid32x32.h */ = {isa = PBXFileReference; explicitFileType = sourcecode.c.h; fileEncoding = 30; name = NeoPixelGrid32x32.h; path = src/Addons/ofxOPC/src/NeoPixelGrid32x32.h; sourceTree = SOURCE_ROOT; };
		496FB8BB67BF37BF8B96AD33 /* SettingsManager.h */ = {isa = PBXFileReference; explicitFileType = sourcecode.c.h; fileEncoding = 30; name = SettingsManager.h; path = src/Main/SettingsManager.h; sourceTree = SOURCE_ROOT; };
		4DAEBF101D1761DC6DE05F91 /* NeoPixelStrip.h */ = {isa = PBXFileReference; explicitFileType = sourcecode.c.h; fileEncoding = 30; name = NeoPixelStrip.h; path = src/Addons/ofxOPC/src/NeoPixelStrip.h; sourceTree = SOURCE_ROOT; };
		4F661FE0411AA0AC01E34CB7 /* ImageVisual.cpp */ = {isa = PBXFileReference; explicitFileType = sourcecode.cpp.cpp; fileEncoding = 30; name = ImageVisual.cpp; path = src/Engine/Visuals/ImageVisual.cpp; sourceTree = SOURCE_ROOT; };
		4FE37A31C904F445222B25FC /* ViewManager.cpp */ = {isa = PBXFileReference; explicitFileType = sourcecode.cpp.cpp; fileEncoding = 30; name = ViewManager.cpp; path = src/Engine/Visuals/ViewManager.cpp; sourceTree = SOURCE_ROOT; };
		5056FC61E30B9810903B814D /* AppManager.cpp */ = {isa = PBXFileReference; explicitFileType = sourcecode.cpp.cpp; fileEncoding = 30; name = AppManager.cpp; path = src/Main/AppManager.cpp; sourceTree = SOURCE_ROOT; };
		507298DAC719FC1C10DAAAD5 /* NeoPixelStrip.cpp */ = {isa = PBXFileReference; explicitFileType = sourcecode.cpp.cpp; fileEncoding = 30; name = NeoPixelStrip.cpp; path = src/Addons/ofxOPC/src/NeoPixelStrip.cpp; sourceTree = SOURCE_ROOT; };
		53641B0567D9C72229D835C5 /* ofxTCPManager.h */ = {isa = PBXFileReference; explicitFileType = sourcecode.c.h; fileEncoding = 30; name = ofxTCPManager.h; path = src/Addons/ofxNetwork/src/ofxTCPManager.h; sourceTree = SOURCE_ROOT; };
		5FA64D51DA6D1619944A259C /* ResourceManager.cpp */ = {isa = PBXFileReference; explicitFileType = sourcecode.cpp.cpp; fileEncoding = 30; name = ResourceManager.cpp; path = src/Engine/Resources/ResourceManager.cpp; sourceTree = SOURCE_ROOT; };
		6488AAE888CF2FFF835082F6 /* ofxOPC.h */ = {isa = PBXFileReference; explicitFileType = sourcecode.c.h; fileEncoding = 30; name = ofxOPC.h; path = src/Addons/ofxOPC/src/ofxOPC.h; sourceTree = SOURCE_ROOT; };
		682CD55D28B06CEDCFD63D68 /* CameraManager.h */ = {isa = PBXFileReference; explicitFileType = sourcecode.c.h; fileEncoding = 30; name = CameraManager.h; path = src/Engine/3D/CameraManager.h; sourceTree = SOURCE_ROOT; };
		68A02C9D01ED911C09E9874B /* ViewManager.h */ = {isa = PBXFileReference; explicitFileType = sourcecode.c.h; fileEncoding = 30; name = ViewManager.h; path = src/Engine/Visuals/ViewManager.h; sourceTree = SOURCE_ROOT; };
		6AF954655E1FAD895EA1DA49 /* NeoPixelRing24px.h */ = {isa = PBXFileReference; explicitFileType = sourcecode.c.h; fileEncoding = 30; name = NeoPixelRing24px.h; path = src/Addons/ofxOPC/src/NeoPixelRing24px.h; sourceTree = SOURCE_ROOT; };
		6C840A1E20392AF630547906 /* HaloRing.cpp */ = {isa = PBXFileReference; explicitFileType = sourcecode.cpp.cpp; fileEncoding = 30; name = HaloRing.cpp; path = src/Halo/HaloRing.cpp; sourceTree = SOURCE_ROOT; };
		6E3F47F486843AA062205007 /* main.cpp */ = {isa = PBXFileReference; explicitFileType = sourcecode.cpp.cpp; fileEncoding = 30; name = main.cpp; path = src/Main/main.cpp; sourceTree = SOURCE_ROOT; };
		6E874855C5F711D89163FA8C /* NeoPixelRing24px.cpp */ = {isa = PBXFileReference; explicitFileType = sourcecode.cpp.cpp; fileEncoding = 30; name = NeoPixelRing24px.cpp; path = src/Addons/ofxOPC/src/NeoPixelRing24px.cpp; sourceTree = SOURCE_ROOT; };
		737D5FFC20E0808A448E192B /* SvgVisual.h */ = {isa = PBXFileReference; explicitFileType = sourcecode.c.h; fileEncoding = 30; name = SvgVisual.h; path = src/Engine/Visuals/SvgVisual.h; sourceTree = SOURCE_ROOT; };
		73D7AA4CF4895FC3DEEC2978 /* SettingsManager.cpp */ = {isa = PBXFileReference; explicitFileType = sourcecode.cpp.cpp; fileEncoding = 30; name = SettingsManager.cpp; path = src/Main/SettingsManager.cpp; sourceTree = SOURCE_ROOT; };
		7725EB5002D6F869E2B37B77 /* Font.cpp */ = {isa = PBXFileReference; explicitFileType = sourcecode.cpp.cpp; fileEncoding = 30; name = Font.cpp; path = src/Engine/Tools/Font.cpp; sourceTree = SOURCE_ROOT; };
		7967AB42670A05F21D252CF6 /* NeoPixelStick.cpp */ = {isa = PBXFileReference; explicitFileType = sourcecode.cpp.cpp; fileEncoding = 30; name = NeoPixelStick.cpp; path = src/Addons/ofxOPC/src/NeoPixelStick.cpp; sourceTree = SOURCE_ROOT; };
		82294747CDA8826204E84289 /* NeoPixelShield5x8.cpp */ = {isa = PBXFileReference; explicitFileType = sourcecode.cpp.cpp; fileEncoding = 30; name = NeoPixelShield5x8.cpp; path = src/Addons/ofxOPC/src/NeoPixelShield5x8.cpp; sourceTree = SOURCE_ROOT; };
		87C6C06C1FD872777629B675 /* KeyboardManager.h */ = {isa = PBXFileReference; explicitFileType = sourcecode.c.h; fileEncoding = 30; name = KeyboardManager.h; path = src/Engine/Tools/KeyboardManager.h; sourceTree = SOURCE_ROOT; };
		89DFBB918E3BCAFB0C93CAF3 /* CameraManager.cpp */ = {isa = PBXFileReference; explicitFileType = sourcecode.cpp.cpp; fileEncoding = 30; name = CameraManager.cpp; path = src/Engine/3D/CameraManager.cpp; sourceTree = SOURCE_ROOT; };
		8E525E094C2C0F02CEAD7CAF /* HaloLightApp.cpp */ = {isa = PBXFileReference; explicitFileType = sourcecode.cpp.cpp; fileEncoding = 30; name = HaloLightApp.cpp; path = src/Main/HaloLightApp.cpp; sourceTree = SOURCE_ROOT; };
		9195BE81DE37A63064A15851 /* HaloLightApp.h */ = {isa = PBXFileReference; explicitFileType = sourcecode.c.h; fileEncoding = 30; name = HaloLightApp.h; path = src/Main/HaloLightApp.h; sourceTree = SOURCE_ROOT; };
		91AC3F3D3E7AE70429272D9E /* ofxUDPManager.cpp */ = {isa = PBXFileReference; explicitFileType = sourcecode.cpp.cpp; fileEncoding = 30; name = ofxUDPManager.cpp; path = src/Addons/ofxNetwork/src/ofxUDPManager.cpp; sourceTree = SOURCE_ROOT; };
		9523F6E7493B67421FCAE61F /* NeoPixelRing60px.cpp */ = {isa = PBXFileReference; explicitFileType = sourcecode.cpp.cpp; fileEncoding = 30; name = NeoPixelRing60px.cpp; path = src/Addons/ofxOPC/src/NeoPixelRing60px.cpp; sourceTree = SOURCE_ROOT; };
		9832C4CD7A3E361A52805E05 /* ofxUDPManager.h */ = {isa = PBXFileReference; explicitFileType = sourcecode.c.h; fileEncoding = 30; name = ofxUDPManager.h; path = src/Addons/ofxNetwork/src/ofxUDPManager.h; sourceTree = SOURCE_ROOT; };
		9A41D072889FC9C8F4082F5C /* CameraAnimationsManager.h */ = {isa = PBXFileReference; explicitFileType = sourcecode.c.h; fileEncoding = 30; name = CameraAnimationsManager.h; path = src/Engine/3D/CameraAnimationsManager.h; sourceTree = SOURCE_ROOT; };
		9C67249D70841A7148965565 /* TextVisual.h */ = {isa = PBXFileReference; explicitFileType = sourcecode.c.h; fileEncoding = 30; name = TextVisual.h; path = src/Engine/Visuals/TextVisual.h; sourceTree = SOURCE_ROOT; };
		A05F1DCF8180DEEC9FBAE585 /* CameraAnimations.cpp */ = {isa = PBXFileReference; explicitFileType = sourcecode.cpp.cpp; fileEncoding = 30; name = CameraAnimations.cpp; path = src/Engine/3D/CameraAnimations.cpp; sourceTree = SOURCE_ROOT; };
		A782EA05F149B785F84A8A9F /* ofxNetwork.h */ = {isa = PBXFileReference; explicitFileType = sourcecode.c.h; fileEncoding = 30; name = ofxNetwork.h; path = src/Addons/ofxNetwork/src/ofxNetwork.h; sourceTree = SOURCE_ROOT; };
		B3C91EAD16AC83AFD4BB633D /* Instructions.txt */ = {isa = PBXFileReference; explicitFileType = file; fileEncoding = 30; name = Instructions.txt; path = src/Addons/ofxNetwork/docs/Instructions.txt; sourceTree = SOURCE_ROOT; };
		BBAB23BE13894E4700AA2426 /* GLUT.framework */ = {isa = PBXFileReference; lastKnownFileType = wrapper.framework; name = GLUT.framework; path = ../../../libs/glut/lib/osx/GLUT.framework; sourceTree = "<group>"; };
		BCCDDC884835D8E0D60C9A94 /* VisualEffectsManager.h */ = {isa = PBXFileReference; explicitFileType = sourcecode.c.h; fileEncoding = 30; name = VisualEffectsManager.h; path = src/Engine/Visuals/VisualEffectsManager.h; sourceTree = SOURCE_ROOT; };
		BEDDA11B665FA62A298B7C39 /* VisualEffectsManager.cpp */ = {isa = PBXFileReference; explicitFileType = sourcecode.cpp.cpp; fileEncoding = 30; name = VisualEffectsManager.cpp; path = src/Engine/Visuals/VisualEffectsManager.cpp; sourceTree = SOURCE_ROOT; };
		BFD8277CE37B4415D3D4ED84 /* ofxTCPManager.cpp */ = {isa = PBXFileReference; explicitFileType = sourcecode.cpp.cpp; fileEncoding = 30; name = ofxTCPManager.cpp; path = src/Addons/ofxNetwork/src/ofxTCPManager.cpp; sourceTree = SOURCE_ROOT; };
		C3766129862C931409F5C3D4 /* ofxTCPClient.cpp */ = {isa = PBXFileReference; explicitFileType = sourcecode.cpp.cpp; fileEncoding = 30; name = ofxTCPClient.cpp; path = src/Addons/ofxNetwork/src/ofxTCPClient.cpp; sourceTree = SOURCE_ROOT; };
		C52E7BEE6804CC169C6A3CBF /* NeoPixelGrid32x32.cpp */ = {isa = PBXFileReference; explicitFileType = sourcecode.cpp.cpp; fileEncoding = 30; name = NeoPixelGrid32x32.cpp; path = src/Addons/ofxOPC/src/NeoPixelGrid32x32.cpp; sourceTree = SOURCE_ROOT; };
		CB509858A4D1989E86AAB480 /* Font.h */ = {isa = PBXFileReference; explicitFileType = sourcecode.c.h; fileEncoding = 30; name = Font.h; path = src/Engine/Tools/Font.h; sourceTree = SOURCE_ROOT; };
		D16710555B0245A7CA19B4E0 /* HaloManager.h */ = {isa = PBXFileReference; explicitFileType = sourcecode.c.h; fileEncoding = 30; name = HaloManager.h; path = src/Halo/HaloManager.h; sourceTree = SOURCE_ROOT; };
		D26C09D837E4FD6CBDBE2B8C /* AppManager.h */ = {isa = PBXFileReference; explicitFileType = sourcecode.c.h; fileEncoding = 30; name = AppManager.h; path = src/Main/AppManager.h; sourceTree = SOURCE_ROOT; };
		D3EF7125E4D108D465FDC410 /* NeoPixelRing16px.cpp */ = {isa = PBXFileReference; explicitFileType = sourcecode.cpp.cpp; fileEncoding = 30; name = NeoPixelRing16px.cpp; path = src/Addons/ofxOPC/src/NeoPixelRing16px.cpp; sourceTree = SOURCE_ROOT; };
		D4F6A4A691305A483A3724C4 /* ofxTCPClient.h */ = {isa = PBXFileReference; explicitFileType = sourcecode.c.h; fileEncoding = 30; name = ofxTCPClient.h; path = src/Addons/ofxNetwork/src/ofxTCPClient.h; sourceTree = SOURCE_ROOT; };
		D7A53CFBD5E4DB74ADCB31B3 /* ReadMe.md */ = {isa = PBXFileReference; explicitFileType = file; fileEncoding = 30; name = ReadMe.md; path = src/Addons/ofxOPC/ReadMe.md; sourceTree = SOURCE_ROOT; };
		D92CFDB23F7ED5A579A00607 /* ofxNeoPixels.h */ = {isa = PBXFileReference; explicitFileType = sourcecode.c.h; fileEncoding = 30; name = ofxNeoPixels.h; path = src/Addons/ofxOPC/src/ofxNeoPixels.h; sourceTree = SOURCE_ROOT; };
		DA2BEEEFB535A7D4C2159448 /* LightManager.h */ = {isa = PBXFileReference; explicitFileType = sourcecode.c.h; fileEncoding = 30; name = LightManager.h; path = src/Engine/3D/LightManager.h; sourceTree = SOURCE_ROOT; };
		DCB9CB9C1093718FA5F131FA /* VisualEffects.cpp */ = {isa = PBXFileReference; explicitFileType = sourcecode.cpp.cpp; fileEncoding = 30; name = VisualEffects.cpp; path = src/Engine/Visuals/VisualEffects.cpp; sourceTree = SOURCE_ROOT; };
		E119E1DEDDEEE6F44355F53D /* NeoPixel.h */ = {isa = PBXFileReference; explicitFileType = sourcecode.c.h; fileEncoding = 30; name = NeoPixel.h; path = src/Addons/ofxOPC/src/NeoPixel.h; sourceTree = SOURCE_ROOT; };
		E19220014DEF2997A58A0F9C /* ofxTCPServer.h */ = {isa = PBXFileReference; explicitFileType = sourcecode.c.h; fileEncoding = 30; name = ofxTCPServer.h; path = src/Addons/ofxNetwork/src/ofxTCPServer.h; sourceTree = SOURCE_ROOT; };
		E4328143138ABC890047C5CB /* openFrameworksLib.xcodeproj */ = {isa = PBXFileReference; lastKnownFileType = "wrapper.pb-project"; name = openFrameworksLib.xcodeproj; path = ../../../libs/openFrameworksCompiled/project/osx/openFrameworksLib.xcodeproj; sourceTree = SOURCE_ROOT; };
		E45BE9710E8CC7DD009D7055 /* AGL.framework */ = {isa = PBXFileReference; lastKnownFileType = wrapper.framework; name = AGL.framework; path = /System/Library/Frameworks/AGL.framework; sourceTree = "<absolute>"; };
		E45BE9720E8CC7DD009D7055 /* ApplicationServices.framework */ = {isa = PBXFileReference; lastKnownFileType = wrapper.framework; name = ApplicationServices.framework; path = /System/Library/Frameworks/ApplicationServices.framework; sourceTree = "<absolute>"; };
		E45BE9730E8CC7DD009D7055 /* AudioToolbox.framework */ = {isa = PBXFileReference; lastKnownFileType = wrapper.framework; name = AudioToolbox.framework; path = /System/Library/Frameworks/AudioToolbox.framework; sourceTree = "<absolute>"; };
		E45BE9750E8CC7DD009D7055 /* CoreAudio.framework */ = {isa = PBXFileReference; lastKnownFileType = wrapper.framework; name = CoreAudio.framework; path = /System/Library/Frameworks/CoreAudio.framework; sourceTree = "<absolute>"; };
		E45BE9760E8CC7DD009D7055 /* CoreFoundation.framework */ = {isa = PBXFileReference; lastKnownFileType = wrapper.framework; name = CoreFoundation.framework; path = /System/Library/Frameworks/CoreFoundation.framework; sourceTree = "<absolute>"; };
		E45BE9770E8CC7DD009D7055 /* CoreServices.framework */ = {isa = PBXFileReference; lastKnownFileType = wrapper.framework; name = CoreServices.framework; path = /System/Library/Frameworks/CoreServices.framework; sourceTree = "<absolute>"; };
		E45BE9790E8CC7DD009D7055 /* OpenGL.framework */ = {isa = PBXFileReference; lastKnownFileType = wrapper.framework; name = OpenGL.framework; path = /System/Library/Frameworks/OpenGL.framework; sourceTree = "<absolute>"; };
		E45BE97A0E8CC7DD009D7055 /* QuickTime.framework */ = {isa = PBXFileReference; lastKnownFileType = wrapper.framework; name = QuickTime.framework; path = /System/Library/Frameworks/QuickTime.framework; sourceTree = "<absolute>"; };
		E4973548CB0AD1D6DE2B0901 /* NeoPixelShield5x8.h */ = {isa = PBXFileReference; explicitFileType = sourcecode.c.h; fileEncoding = 30; name = NeoPixelShield5x8.h; path = src/Addons/ofxOPC/src/NeoPixelShield5x8.h; sourceTree = SOURCE_ROOT; };
		E4B6FCAD0C3E899E008CF71C /* openFrameworks-Info.plist */ = {isa = PBXFileReference; fileEncoding = 30; lastKnownFileType = text.plist.xml; path = "openFrameworks-Info.plist"; sourceTree = "<group>"; };
		E4C2424410CC5A17004149E2 /* AppKit.framework */ = {isa = PBXFileReference; lastKnownFileType = wrapper.framework; name = AppKit.framework; path = /System/Library/Frameworks/AppKit.framework; sourceTree = "<absolute>"; };
		E4C2424510CC5A17004149E2 /* Cocoa.framework */ = {isa = PBXFileReference; lastKnownFileType = wrapper.framework; name = Cocoa.framework; path = /System/Library/Frameworks/Cocoa.framework; sourceTree = "<absolute>"; };
		E4C2424610CC5A17004149E2 /* IOKit.framework */ = {isa = PBXFileReference; lastKnownFileType = wrapper.framework; name = IOKit.framework; path = /System/Library/Frameworks/IOKit.framework; sourceTree = "<absolute>"; };
		E4EB691F138AFCF100A09F29 /* CoreOF.xcconfig */ = {isa = PBXFileReference; fileEncoding = 4; lastKnownFileType = text.xcconfig; name = CoreOF.xcconfig; path = ../../../libs/openFrameworksCompiled/project/osx/CoreOF.xcconfig; sourceTree = SOURCE_ROOT; };
		E4EB6923138AFD0F00A09F29 /* Project.xcconfig */ = {isa = PBXFileReference; fileEncoding = 4; lastKnownFileType = text.xcconfig; path = Project.xcconfig; sourceTree = "<group>"; };
		E5226C8680238D2C7A07EEFB /* KeyboardManager.cpp */ = {isa = PBXFileReference; explicitFileType = sourcecode.cpp.cpp; fileEncoding = 30; name = KeyboardManager.cpp; path = src/Engine/Tools/KeyboardManager.cpp; sourceTree = SOURCE_ROOT; };
		E7E077E415D3B63C0020DFD4 /* CoreVideo.framework */ = {isa = PBXFileReference; lastKnownFileType = wrapper.framework; name = CoreVideo.framework; path = /System/Library/Frameworks/CoreVideo.framework; sourceTree = "<absolute>"; };
		E7E077E715D3B6510020DFD4 /* QTKit.framework */ = {isa = PBXFileReference; lastKnownFileType = wrapper.framework; name = QTKit.framework; path = /System/Library/Frameworks/QTKit.framework; sourceTree = "<absolute>"; };
		E7F985F515E0DE99003869B5 /* Accelerate.framework */ = {isa = PBXFileReference; lastKnownFileType = wrapper.framework; name = Accelerate.framework; path = /System/Library/Frameworks/Accelerate.framework; sourceTree = "<absolute>"; };
		F08A1B4CCDE20208A074813B /* ofxNetworkUtils.h */ = {isa = PBXFileReference; explicitFileType = sourcecode.c.h; fileEncoding = 30; name = ofxNetworkUtils.h; path = src/Addons/ofxNetwork/src/ofxNetworkUtils.h; sourceTree = SOURCE_ROOT; };
		F7D513F7C92E3C60F81B1A61 /* ResourceManager.h */ = {isa = PBXFileReference; explicitFileType = sourcecode.c.h; fileEncoding = 30; name = ResourceManager.h; path = src/Engine/Resources/ResourceManager.h; sourceTree = SOURCE_ROOT; };
		F94F04C2A3BFBCB8D6F36DEB /* Manager.h */ = {isa = PBXFileReference; explicitFileType = sourcecode.c.h; fileEncoding = 30; name = Manager.h; path = src/Main/Manager.h; sourceTree = SOURCE_ROOT; };
		FC3ECB222AF32D3ECAEF6D19 /* NeoPixelGrid8x8.cpp */ = {isa = PBXFileReference; explicitFileType = sourcecode.cpp.cpp; fileEncoding = 30; name = NeoPixelGrid8x8.cpp; path = src/Addons/ofxOPC/src/NeoPixelGrid8x8.cpp; sourceTree = SOURCE_ROOT; };
		FD4DF2284F5D80C655A0D429 /* CameraAnimations.h */ = {isa = PBXFileReference; explicitFileType = sourcecode.c.h; fileEncoding = 30; name = CameraAnimations.h; path = src/Engine/3D/CameraAnimations.h; sourceTree = SOURCE_ROOT; };
/* End PBXFileReference section */

/* Begin PBXFrameworksBuildPhase section */
		E4B69B590A3A1756003C02F2 /* Frameworks */ = {
			isa = PBXFrameworksBuildPhase;
			buildActionMask = 2147483647;
			files = (
				E7F985F815E0DEA3003869B5 /* Accelerate.framework in Frameworks */,
				E7E077E815D3B6510020DFD4 /* QTKit.framework in Frameworks */,
				E4EB6799138ADC1D00A09F29 /* GLUT.framework in Frameworks */,
				E4328149138ABC9F0047C5CB /* openFrameworksDebug.a in Frameworks */,
				E45BE97B0E8CC7DD009D7055 /* AGL.framework in Frameworks */,
				E45BE97C0E8CC7DD009D7055 /* ApplicationServices.framework in Frameworks */,
				E45BE97D0E8CC7DD009D7055 /* AudioToolbox.framework in Frameworks */,
				E45BE97F0E8CC7DD009D7055 /* CoreAudio.framework in Frameworks */,
				E45BE9800E8CC7DD009D7055 /* CoreFoundation.framework in Frameworks */,
				E45BE9810E8CC7DD009D7055 /* CoreServices.framework in Frameworks */,
				E45BE9830E8CC7DD009D7055 /* OpenGL.framework in Frameworks */,
				E45BE9840E8CC7DD009D7055 /* QuickTime.framework in Frameworks */,
				E4C2424710CC5A17004149E2 /* AppKit.framework in Frameworks */,
				E4C2424810CC5A17004149E2 /* Cocoa.framework in Frameworks */,
				E4C2424910CC5A17004149E2 /* IOKit.framework in Frameworks */,
				E7E077E515D3B63C0020DFD4 /* CoreVideo.framework in Frameworks */,
			);
			runOnlyForDeploymentPostprocessing = 0;
		};
/* End PBXFrameworksBuildPhase section */

/* Begin PBXGroup section */
		1646F71220FE0F0638559519 /* 3D */ = {
			isa = PBXGroup;
			children = (
				A05F1DCF8180DEEC9FBAE585 /* CameraAnimations.cpp */,
				FD4DF2284F5D80C655A0D429 /* CameraAnimations.h */,
				3C01FEEAD29823C01C4EEC27 /* CameraAnimationsManager.cpp */,
				9A41D072889FC9C8F4082F5C /* CameraAnimationsManager.h */,
				89DFBB918E3BCAFB0C93CAF3 /* CameraManager.cpp */,
				682CD55D28B06CEDCFD63D68 /* CameraManager.h */,
				09F8F2DF1D53E65319F30B96 /* LightManager.cpp */,
				DA2BEEEFB535A7D4C2159448 /* LightManager.h */,
			);
			name = 3D;
			sourceTree = "<group>";
		};
		2456C9C996BBA9FBF32C647A /* Halo */ = {
			isa = PBXGroup;
			children = (
				1A8B82F1016E111F99C20832 /* HaloManager.cpp */,
				D16710555B0245A7CA19B4E0 /* HaloManager.h */,
				6C840A1E20392AF630547906 /* HaloRing.cpp */,
				35B7F954496FF74FD0883657 /* HaloRing.h */,
			);
			name = Halo;
			sourceTree = "<group>";
		};
		28F8599521CDD8F15E3BED58 /* Layout */ = {
			isa = PBXGroup;
			children = (
				08E4F0441AA33C5200714830 /* LayoutManager.cpp */,
				08E4F0451AA33C5200714830 /* LayoutManager.h */,
			);
			name = Layout;
			sourceTree = "<group>";
		};
		51215486FD04C7A6B90A7559 /* Visuals */ = {
			isa = PBXGroup;
			children = (
				3656BF3981C35A273806DCEB /* BasicVisual.h */,
				4F661FE0411AA0AC01E34CB7 /* ImageVisual.cpp */,
				11C490A0CA5771C60AE54B4B /* ImageVisual.h */,
				3DD6F074B2A9C65331157B2C /* ImageVisual3D.cpp */,
				1D7B4D07648F9CB293716166 /* ImageVisual3D.h */,
				19361E6857FB31277A2FEE46 /* SvgVisual.cpp */,
				737D5FFC20E0808A448E192B /* SvgVisual.h */,
				0227F9BE14631C9FE7CA55B1 /* TextVisual.cpp */,
				9C67249D70841A7148965565 /* TextVisual.h */,
				4FE37A31C904F445222B25FC /* ViewManager.cpp */,
				68A02C9D01ED911C09E9874B /* ViewManager.h */,
				DCB9CB9C1093718FA5F131FA /* VisualEffects.cpp */,
				2A2B7E7FDC1CFF4A547CC661 /* VisualEffects.h */,
				BEDDA11B665FA62A298B7C39 /* VisualEffectsManager.cpp */,
				BCCDDC884835D8E0D60C9A94 /* VisualEffectsManager.h */,
			);
			name = Visuals;
			sourceTree = "<group>";
		};
		5C73414BDD3C2D5896B30DB4 /* ofxNetwork */ = {
			isa = PBXGroup;
			children = (
				D6E0506FBE16FF03EA0A04B6 /* docs */,
				9D91B9A237709CA2D703E141 /* src */,
			);
			name = ofxNetwork;
			sourceTree = "<group>";
		};
		728DA49418A9019918441104 /* ofxOPC */ = {
			isa = PBXGroup;
			children = (
				D7A53CFBD5E4DB74ADCB31B3 /* ReadMe.md */,
				F3F7086A2F0DAB0DBBD5B665 /* src */,
			);
			name = ofxOPC;
			sourceTree = "<group>";
		};
		9D4CA964E6167024C0594095 /* Resources */ = {
			isa = PBXGroup;
			children = (
				5FA64D51DA6D1619944A259C /* ResourceManager.cpp */,
				F7D513F7C92E3C60F81B1A61 /* ResourceManager.h */,
			);
			name = Resources;
			sourceTree = "<group>";
		};
		9D91B9A237709CA2D703E141 /* src */ = {
			isa = PBXGroup;
			children = (
				A782EA05F149B785F84A8A9F /* ofxNetwork.h */,
				F08A1B4CCDE20208A074813B /* ofxNetworkUtils.h */,
				C3766129862C931409F5C3D4 /* ofxTCPClient.cpp */,
				D4F6A4A691305A483A3724C4 /* ofxTCPClient.h */,
				BFD8277CE37B4415D3D4ED84 /* ofxTCPManager.cpp */,
				53641B0567D9C72229D835C5 /* ofxTCPManager.h */,
				0D5A3D829B70F3ADF69A0F1C /* ofxTCPServer.cpp */,
				E19220014DEF2997A58A0F9C /* ofxTCPServer.h */,
				91AC3F3D3E7AE70429272D9E /* ofxUDPManager.cpp */,
				9832C4CD7A3E361A52805E05 /* ofxUDPManager.h */,
			);
			name = src;
			sourceTree = "<group>";
		};
		A61C485F7880BB9B79F26287 /* Tools */ = {
			isa = PBXGroup;
			children = (
				7725EB5002D6F869E2B37B77 /* Font.cpp */,
				CB509858A4D1989E86AAB480 /* Font.h */,
				E5226C8680238D2C7A07EEFB /* KeyboardManager.cpp */,
				87C6C06C1FD872777629B675 /* KeyboardManager.h */,
			);
			name = Tools;
			sourceTree = "<group>";
		};
		AD642137CCDF61FB3E6CCEA2 /* Addons */ = {
			isa = PBXGroup;
			children = (
				5C73414BDD3C2D5896B30DB4 /* ofxNetwork */,
				728DA49418A9019918441104 /* ofxOPC */,
			);
			name = Addons;
			sourceTree = "<group>";
		};
		AF4FDCF7E02C59FCC5FE54A2 /* Main */ = {
			isa = PBXGroup;
			children = (
				5056FC61E30B9810903B814D /* AppManager.cpp */,
				D26C09D837E4FD6CBDBE2B8C /* AppManager.h */,
				8E525E094C2C0F02CEAD7CAF /* HaloLightApp.cpp */,
				9195BE81DE37A63064A15851 /* HaloLightApp.h */,
				6E3F47F486843AA062205007 /* main.cpp */,
				F94F04C2A3BFBCB8D6F36DEB /* Manager.h */,
				73D7AA4CF4895FC3DEEC2978 /* SettingsManager.cpp */,
				496FB8BB67BF37BF8B96AD33 /* SettingsManager.h */,
			);
			name = Main;
			sourceTree = "<group>";
		};
		BB4B014C10F69532006C3DED /* addons */ = {
			isa = PBXGroup;
			children = (
			);
			name = addons;
			sourceTree = "<group>";
		};
		BBAB23C913894ECA00AA2426 /* system frameworks */ = {
			isa = PBXGroup;
			children = (
				E7F985F515E0DE99003869B5 /* Accelerate.framework */,
				E4C2424410CC5A17004149E2 /* AppKit.framework */,
				E4C2424510CC5A17004149E2 /* Cocoa.framework */,
				E4C2424610CC5A17004149E2 /* IOKit.framework */,
				E45BE9710E8CC7DD009D7055 /* AGL.framework */,
				E45BE9720E8CC7DD009D7055 /* ApplicationServices.framework */,
				E45BE9730E8CC7DD009D7055 /* AudioToolbox.framework */,
				E45BE9750E8CC7DD009D7055 /* CoreAudio.framework */,
				E45BE9760E8CC7DD009D7055 /* CoreFoundation.framework */,
				E45BE9770E8CC7DD009D7055 /* CoreServices.framework */,
				E45BE9790E8CC7DD009D7055 /* OpenGL.framework */,
				E45BE97A0E8CC7DD009D7055 /* QuickTime.framework */,
				E7E077E415D3B63C0020DFD4 /* CoreVideo.framework */,
				E7E077E715D3B6510020DFD4 /* QTKit.framework */,
			);
			name = "system frameworks";
			sourceTree = "<group>";
		};
		BBAB23CA13894EDB00AA2426 /* 3rd party frameworks */ = {
			isa = PBXGroup;
			children = (
				BBAB23BE13894E4700AA2426 /* GLUT.framework */,
			);
			name = "3rd party frameworks";
			sourceTree = "<group>";
		};
		D6E0506FBE16FF03EA0A04B6 /* docs */ = {
			isa = PBXGroup;
			children = (
				B3C91EAD16AC83AFD4BB633D /* Instructions.txt */,
			);
			name = docs;
			sourceTree = "<group>";
		};
		E2C62C2B4F591B9A20DAF22A /* Engine */ = {
			isa = PBXGroup;
			children = (
				1646F71220FE0F0638559519 /* 3D */,
				9D4CA964E6167024C0594095 /* Resources */,
				A61C485F7880BB9B79F26287 /* Tools */,
				51215486FD04C7A6B90A7559 /* Visuals */,
			);
			name = Engine;
			sourceTree = "<group>";
		};
		E4328144138ABC890047C5CB /* Products */ = {
			isa = PBXGroup;
			children = (
				E4328148138ABC890047C5CB /* openFrameworksDebug.a */,
			);
			name = Products;
			sourceTree = "<group>";
		};
		E45BE5980E8CC70C009D7055 /* frameworks */ = {
			isa = PBXGroup;
			children = (
				BBAB23CA13894EDB00AA2426 /* 3rd party frameworks */,
				BBAB23C913894ECA00AA2426 /* system frameworks */,
			);
			name = frameworks;
			sourceTree = "<group>";
		};
		E4B69B4A0A3A1720003C02F2 = {
			isa = PBXGroup;
			children = (
				E4B6FCAD0C3E899E008CF71C /* openFrameworks-Info.plist */,
				E4EB6923138AFD0F00A09F29 /* Project.xcconfig */,
				E4B69E1C0A3A1BDC003C02F2 /* src */,
				E4EEC9E9138DF44700A80321 /* openFrameworks */,
				BB4B014C10F69532006C3DED /* addons */,
				E45BE5980E8CC70C009D7055 /* frameworks */,
			);
			sourceTree = "<group>";
		};
		E4B69E1C0A3A1BDC003C02F2 /* src */ = {
			isa = PBXGroup;
			children = (
				28F8599521CDD8F15E3BED58 /* Layout */,
				AD642137CCDF61FB3E6CCEA2 /* Addons */,
				E2C62C2B4F591B9A20DAF22A /* Engine */,
				2456C9C996BBA9FBF32C647A /* Halo */,
				AF4FDCF7E02C59FCC5FE54A2 /* Main */,
			);
			path = src;
			sourceTree = SOURCE_ROOT;
		};
		E4EEC9E9138DF44700A80321 /* openFrameworks */ = {
			isa = PBXGroup;
			children = (
				E4EB691F138AFCF100A09F29 /* CoreOF.xcconfig */,
				E4328143138ABC890047C5CB /* openFrameworksLib.xcodeproj */,
			);
			name = openFrameworks;
			sourceTree = "<group>";
		};
		F3F7086A2F0DAB0DBBD5B665 /* src */ = {
			isa = PBXGroup;
			children = (
				0D9F8BAA922CF76DBE00342D /* NeoPixel.cpp */,
				E119E1DEDDEEE6F44355F53D /* NeoPixel.h */,
				C52E7BEE6804CC169C6A3CBF /* NeoPixelGrid32x32.cpp */,
				446760FB4E87774375C1C5E9 /* NeoPixelGrid32x32.h */,
				FC3ECB222AF32D3ECAEF6D19 /* NeoPixelGrid8x8.cpp */,
				2E8E2205F39B5CE04950F6F1 /* NeoPixelGrid8x8.h */,
				1E50E3AA103792C5F91D4E30 /* NeoPixelRing12px.cpp */,
				004EEF328125D63370DCE7B1 /* NeoPixelRing12px.h */,
				D3EF7125E4D108D465FDC410 /* NeoPixelRing16px.cpp */,
				271C32860D26476A3062B447 /* NeoPixelRing16px.h */,
				6E874855C5F711D89163FA8C /* NeoPixelRing24px.cpp */,
				6AF954655E1FAD895EA1DA49 /* NeoPixelRing24px.h */,
				9523F6E7493B67421FCAE61F /* NeoPixelRing60px.cpp */,
				1631492253F7EFF48DB8F6B4 /* NeoPixelRing60px.h */,
				82294747CDA8826204E84289 /* NeoPixelShield5x8.cpp */,
				E4973548CB0AD1D6DE2B0901 /* NeoPixelShield5x8.h */,
				7967AB42670A05F21D252CF6 /* NeoPixelStick.cpp */,
				1550BD03779C30A60DAC78D7 /* NeoPixelStick.h */,
				507298DAC719FC1C10DAAAD5 /* NeoPixelStrip.cpp */,
				4DAEBF101D1761DC6DE05F91 /* NeoPixelStrip.h */,
				D92CFDB23F7ED5A579A00607 /* ofxNeoPixels.h */,
				33C1FB61376A6A54BEE24E8A /* ofxOPC.cpp */,
				6488AAE888CF2FFF835082F6 /* ofxOPC.h */,
			);
			name = src;
			sourceTree = "<group>";
		};
/* End PBXGroup section */

/* Begin PBXNativeTarget section */
		E4B69B5A0A3A1756003C02F2 /* HaloLight */ = {
			isa = PBXNativeTarget;
			buildConfigurationList = E4B69B5F0A3A1757003C02F2 /* Build configuration list for PBXNativeTarget "HaloLight" */;
			buildPhases = (
				E4B69B580A3A1756003C02F2 /* Sources */,
				E4B69B590A3A1756003C02F2 /* Frameworks */,
				E4B6FFFD0C3F9AB9008CF71C /* ShellScript */,
				E4C2427710CC5ABF004149E2 /* CopyFiles */,
			);
			buildRules = (
			);
			dependencies = (
				E4EEB9AC138B136A00A80321 /* PBXTargetDependency */,
			);
			name = HaloLight;
			productName = myOFApp;
			productReference = 08E4F0471AA3537300714830 /* HaloLight.app */;
			productType = "com.apple.product-type.application";
		};
/* End PBXNativeTarget section */

/* Begin PBXProject section */
		E4B69B4C0A3A1720003C02F2 /* Project object */ = {
			isa = PBXProject;
			attributes = {
				LastUpgradeCheck = 0460;
			};
			buildConfigurationList = E4B69B4D0A3A1720003C02F2 /* Build configuration list for PBXProject "HaloLight" */;
			compatibilityVersion = "Xcode 3.2";
			developmentRegion = English;
			hasScannedForEncodings = 0;
			knownRegions = (
				English,
				Japanese,
				French,
				German,
			);
			mainGroup = E4B69B4A0A3A1720003C02F2;
			productRefGroup = E4B69B4A0A3A1720003C02F2;
			projectDirPath = "";
			projectReferences = (
				{
					ProductGroup = E4328144138ABC890047C5CB /* Products */;
					ProjectRef = E4328143138ABC890047C5CB /* openFrameworksLib.xcodeproj */;
				},
			);
			projectRoot = "";
			targets = (
				E4B69B5A0A3A1756003C02F2 /* HaloLight */,
			);
		};
/* End PBXProject section */

/* Begin PBXReferenceProxy section */
		E4328148138ABC890047C5CB /* openFrameworksDebug.a */ = {
			isa = PBXReferenceProxy;
			fileType = archive.ar;
			path = openFrameworksDebug.a;
			remoteRef = E4328147138ABC890047C5CB /* PBXContainerItemProxy */;
			sourceTree = BUILT_PRODUCTS_DIR;
		};
/* End PBXReferenceProxy section */

/* Begin PBXShellScriptBuildPhase section */
		E4B6FFFD0C3F9AB9008CF71C /* ShellScript */ = {
			isa = PBXShellScriptBuildPhase;
			buildActionMask = 2147483647;
			files = (
			);
			inputPaths = (
			);
			outputPaths = (
			);
			runOnlyForDeploymentPostprocessing = 0;
			shellPath = /bin/sh;
			shellScript = "cp -f ../../../libs/fmodex/lib/osx/libfmodex.dylib \"$TARGET_BUILD_DIR/$PRODUCT_NAME.app/Contents/MacOS/libfmodex.dylib\"; install_name_tool -change ./libfmodex.dylib @executable_path/libfmodex.dylib \"$TARGET_BUILD_DIR/$PRODUCT_NAME.app/Contents/MacOS/$PRODUCT_NAME\";\nmkdir -p \"$TARGET_BUILD_DIR/$PRODUCT_NAME.app/Contents/Resources/\"\ncp -f \"$ICON_FILE\" \"$TARGET_BUILD_DIR/$PRODUCT_NAME.app/Contents/Resources/\"\n";
		};
/* End PBXShellScriptBuildPhase section */

/* Begin PBXSourcesBuildPhase section */
		E4B69B580A3A1756003C02F2 /* Sources */ = {
			isa = PBXSourcesBuildPhase;
			buildActionMask = 2147483647;
			files = (
				9144DA601D35D209DD2C5B58 /* Instructions.txt in Sources */,
				18FA42C471CF66795EF9EB97 /* ofxTCPClient.cpp in Sources */,
				66A6F1C16CF15F386BA660C2 /* ofxTCPManager.cpp in Sources */,
				F60A8CA415750AA5DDCC6169 /* ofxTCPServer.cpp in Sources */,
				8CB0A46B3A54F961BA55A6A6 /* ofxUDPManager.cpp in Sources */,
				543B6642609D783E6FB032AF /* ReadMe.md in Sources */,
				2F327561F7FA3FC4C2AB0363 /* NeoPixel.cpp in Sources */,
				11263DD5787331C9CA71BD36 /* NeoPixelGrid32x32.cpp in Sources */,
				2A4EB329701354C644FC7683 /* NeoPixelGrid8x8.cpp in Sources */,
				62910678AFC55FB016541F66 /* NeoPixelRing12px.cpp in Sources */,
				D40A61B2ACD21548A068C892 /* NeoPixelRing16px.cpp in Sources */,
				638F4F2E9D8C4E322522038B /* NeoPixelRing24px.cpp in Sources */,
				350F08FF61B2B09D462D4D6E /* NeoPixelRing60px.cpp in Sources */,
				24D768C6C84C61F3CBD97997 /* NeoPixelShield5x8.cpp in Sources */,
				44D0F3D21AC4097A857F0638 /* NeoPixelStick.cpp in Sources */,
				7F06984C0BB75CBACACB10CA /* NeoPixelStrip.cpp in Sources */,
				325F3943C3EF9FCFF6C34AC0 /* ofxOPC.cpp in Sources */,
				48F94177806B5CB8D3C0F283 /* CameraAnimations.cpp in Sources */,
				C6B3BFC2668F137F745DC3C6 /* CameraAnimationsManager.cpp in Sources */,
				08E4F0461AA33C5200714830 /* LayoutManager.cpp in Sources */,
				8C9DFFBD826A20F752ED0CD6 /* CameraManager.cpp in Sources */,
				DC16DA963E4E5873F0AE7C9E /* LightManager.cpp in Sources */,
				6F36C225B48477DFCCA6FB64 /* ResourceManager.cpp in Sources */,
				5333265E1B11FF3577F62A0E /* Font.cpp in Sources */,
				FDBF3E3276ACAF0114532C4B /* KeyboardManager.cpp in Sources */,
				3A6C7D72771284673CBE247D /* ImageVisual.cpp in Sources */,
				F7EA3801298F5E54967C119B /* ImageVisual3D.cpp in Sources */,
				8BC3D4AABDF5E655706BA3B8 /* SvgVisual.cpp in Sources */,
				DB05E98D002D6650AA23E87B /* TextVisual.cpp in Sources */,
				9D9E0E996DA1B9AC9952C889 /* ViewManager.cpp in Sources */,
				875651AF8693D3DE4CC23485 /* VisualEffects.cpp in Sources */,
				B790DA4F42194210B9259E42 /* VisualEffectsManager.cpp in Sources */,
				916ADEB631696DEEED3ACEBA /* HaloManager.cpp in Sources */,
				944C582F1366C745FFE8A0EB /* HaloRing.cpp in Sources */,
				1AF15FCF93D2DDD6D4285C8E /* AppManager.cpp in Sources */,
				C5CCD16B524E215288E47400 /* HaloLightApp.cpp in Sources */,
				DA22DA3A4F2E611DF50078F2 /* main.cpp in Sources */,
				58BCEB4034B30CB4A3456FC7 /* SettingsManager.cpp in Sources */,
			);
			runOnlyForDeploymentPostprocessing = 0;
		};
/* End PBXSourcesBuildPhase section */

/* Begin PBXTargetDependency section */
		E4EEB9AC138B136A00A80321 /* PBXTargetDependency */ = {
			isa = PBXTargetDependency;
			name = openFrameworks;
			targetProxy = E4EEB9AB138B136A00A80321 /* PBXContainerItemProxy */;
		};
/* End PBXTargetDependency section */

/* Begin XCBuildConfiguration section */
		E4B69B4E0A3A1720003C02F2 /* Debug */ = {
			isa = XCBuildConfiguration;
			baseConfigurationReference = E4EB6923138AFD0F00A09F29 /* Project.xcconfig */;
			buildSettings = {
				ARCHS = "$(NATIVE_ARCH)";
				CONFIGURATION_BUILD_DIR = "$(SRCROOT)/bin/";
				COPY_PHASE_STRIP = NO;
				DEAD_CODE_STRIPPING = YES;
				GCC_AUTO_VECTORIZATION = YES;
				GCC_ENABLE_SSE3_EXTENSIONS = YES;
				GCC_ENABLE_SUPPLEMENTAL_SSE3_INSTRUCTIONS = YES;
				GCC_INLINES_ARE_PRIVATE_EXTERN = NO;
				GCC_OPTIMIZATION_LEVEL = 0;
				GCC_SYMBOLS_PRIVATE_EXTERN = NO;
				GCC_WARN_ABOUT_DEPRECATED_FUNCTIONS = YES;
				GCC_WARN_ABOUT_INVALID_OFFSETOF_MACRO = NO;
				GCC_WARN_ALLOW_INCOMPLETE_PROTOCOL = NO;
				GCC_WARN_UNINITIALIZED_AUTOS = NO;
				GCC_WARN_UNUSED_VALUE = NO;
				GCC_WARN_UNUSED_VARIABLE = NO;
				HEADER_SEARCH_PATHS = (
					"$(OF_CORE_HEADERS)",
					src/Addons/ofxNetwork/docs,
					src/Addons/ofxNetwork/src,
					src/Addons/ofxOPC,
					src/Addons/ofxOPC/src,
					src/Engine/3D,
					src/Engine/Layout,
					src/Engine/Resources,
					src/Engine/Tools,
					src/Engine/Visuals,
					src/Halo,
					src/Main,
				);
				MACOSX_DEPLOYMENT_TARGET = 10.6;
				OTHER_CPLUSPLUSFLAGS = (
					"-D__MACOSX_CORE__",
					"-lpthread",
					"-mtune=native",
				);
				SDKROOT = macosx;
			};
			name = Debug;
		};
		E4B69B4F0A3A1720003C02F2 /* Release */ = {
			isa = XCBuildConfiguration;
			baseConfigurationReference = E4EB6923138AFD0F00A09F29 /* Project.xcconfig */;
			buildSettings = {
				ARCHS = "$(NATIVE_ARCH)";
				CONFIGURATION_BUILD_DIR = "$(SRCROOT)/bin/";
				COPY_PHASE_STRIP = YES;
				DEAD_CODE_STRIPPING = YES;
				GCC_AUTO_VECTORIZATION = YES;
				GCC_ENABLE_SSE3_EXTENSIONS = YES;
				GCC_ENABLE_SUPPLEMENTAL_SSE3_INSTRUCTIONS = YES;
				GCC_INLINES_ARE_PRIVATE_EXTERN = NO;
				GCC_OPTIMIZATION_LEVEL = 3;
				GCC_SYMBOLS_PRIVATE_EXTERN = NO;
				GCC_UNROLL_LOOPS = YES;
				GCC_WARN_ABOUT_DEPRECATED_FUNCTIONS = YES;
				GCC_WARN_ABOUT_INVALID_OFFSETOF_MACRO = NO;
				GCC_WARN_ALLOW_INCOMPLETE_PROTOCOL = NO;
				GCC_WARN_UNINITIALIZED_AUTOS = NO;
				GCC_WARN_UNUSED_VALUE = NO;
				GCC_WARN_UNUSED_VARIABLE = NO;
				HEADER_SEARCH_PATHS = (
					"$(OF_CORE_HEADERS)",
					src/Addons/ofxNetwork/docs,
					src/Addons/ofxNetwork/src,
					src/Addons/ofxOPC,
					src/Addons/ofxOPC/src,
					src/Engine/3D,
					src/Engine/Layout,
					src/Engine/Resources,
					src/Engine/Tools,
					src/Engine/Visuals,
					src/Halo,
					src/Main,
				);
				MACOSX_DEPLOYMENT_TARGET = 10.6;
				OTHER_CPLUSPLUSFLAGS = (
					"-D__MACOSX_CORE__",
					"-lpthread",
					"-mtune=native",
				);
				SDKROOT = macosx;
			};
			name = Release;
		};
		E4B69B600A3A1757003C02F2 /* Debug */ = {
			isa = XCBuildConfiguration;
			buildSettings = {
				COMBINE_HIDPI_IMAGES = YES;
				COPY_PHASE_STRIP = NO;
				FRAMEWORK_SEARCH_PATHS = (
					"$(inherited)",
					"$(FRAMEWORK_SEARCH_PATHS_QUOTED_FOR_TARGET_1)",
				);
				FRAMEWORK_SEARCH_PATHS_QUOTED_FOR_TARGET_1 = "\"$(SRCROOT)/../../../libs/glut/lib/osx\"";
				GCC_DYNAMIC_NO_PIC = NO;
				GCC_GENERATE_DEBUGGING_SYMBOLS = YES;
				GCC_MODEL_TUNING = NONE;
				ICON = "$(ICON_NAME_DEBUG)";
				ICON_FILE = "$(ICON_FILE_PATH)$(ICON)";
				INFOPLIST_FILE = "openFrameworks-Info.plist";
				INSTALL_PATH = "$(HOME)/Applications";
				LIBRARY_SEARCH_PATHS = (
					"$(inherited)",
					"$(LIBRARY_SEARCH_PATHS_QUOTED_FOR_TARGET_1)",
					"$(LIBRARY_SEARCH_PATHS_QUOTED_FOR_TARGET_2)",
					"$(LIBRARY_SEARCH_PATHS_QUOTED_FOR_TARGET_3)",
					"$(LIBRARY_SEARCH_PATHS_QUOTED_FOR_TARGET_4)",
					"$(LIBRARY_SEARCH_PATHS_QUOTED_FOR_TARGET_5)",
					"$(LIBRARY_SEARCH_PATHS_QUOTED_FOR_TARGET_6)",
					"$(LIBRARY_SEARCH_PATHS_QUOTED_FOR_TARGET_7)",
					"$(LIBRARY_SEARCH_PATHS_QUOTED_FOR_TARGET_8)",
					"$(LIBRARY_SEARCH_PATHS_QUOTED_FOR_TARGET_9)",
					"$(LIBRARY_SEARCH_PATHS_QUOTED_FOR_TARGET_10)",
					"$(LIBRARY_SEARCH_PATHS_QUOTED_FOR_TARGET_11)",
					"$(LIBRARY_SEARCH_PATHS_QUOTED_FOR_TARGET_12)",
					"$(LIBRARY_SEARCH_PATHS_QUOTED_FOR_TARGET_13)",
					"$(LIBRARY_SEARCH_PATHS_QUOTED_FOR_TARGET_14)",
					"$(LIBRARY_SEARCH_PATHS_QUOTED_FOR_TARGET_15)",
					"$(LIBRARY_SEARCH_PATHS_QUOTED_FOR_TARGET_2)",
					"$(LIBRARY_SEARCH_PATHS_QUOTED_FOR_TARGET_3)",
					"$(LIBRARY_SEARCH_PATHS_QUOTED_FOR_TARGET_7)",
					"$(LIBRARY_SEARCH_PATHS_QUOTED_FOR_TARGET_8)",
					"$(LIBRARY_SEARCH_PATHS_QUOTED_FOR_TARGET_9)",
					"$(LIBRARY_SEARCH_PATHS_QUOTED_FOR_TARGET_10)",
					"$(LIBRARY_SEARCH_PATHS_QUOTED_FOR_TARGET_11)",
					"$(LIBRARY_SEARCH_PATHS_QUOTED_FOR_TARGET_12)",
					"$(LIBRARY_SEARCH_PATHS_QUOTED_FOR_TARGET_13)",
					"$(LIBRARY_SEARCH_PATHS_QUOTED_FOR_TARGET_16)",
					"$(LIBRARY_SEARCH_PATHS_QUOTED_FOR_TARGET_17)",
					"$(LIBRARY_SEARCH_PATHS_QUOTED_FOR_TARGET_18)",
					"$(LIBRARY_SEARCH_PATHS_QUOTED_FOR_TARGET_19)",
					"$(LIBRARY_SEARCH_PATHS_QUOTED_FOR_TARGET_20)",
					"$(LIBRARY_SEARCH_PATHS_QUOTED_FOR_TARGET_21)",
					"$(LIBRARY_SEARCH_PATHS_QUOTED_FOR_TARGET_22)",
					"$(LIBRARY_SEARCH_PATHS_QUOTED_FOR_TARGET_23)",
					"$(LIBRARY_SEARCH_PATHS_QUOTED_FOR_TARGET_24)",
					"$(LIBRARY_SEARCH_PATHS_QUOTED_FOR_TARGET_25)",
					"$(LIBRARY_SEARCH_PATHS_QUOTED_FOR_TARGET_26)",
					"$(LIBRARY_SEARCH_PATHS_QUOTED_FOR_TARGET_27)",
					"$(LIBRARY_SEARCH_PATHS_QUOTED_FOR_TARGET_28)",
					"$(LIBRARY_SEARCH_PATHS_QUOTED_FOR_TARGET_29)",
					"$(LIBRARY_SEARCH_PATHS_QUOTED_FOR_TARGET_30)",
					"$(LIBRARY_SEARCH_PATHS_QUOTED_FOR_TARGET_31)",
					"$(LIBRARY_SEARCH_PATHS_QUOTED_FOR_TARGET_32)",
					"$(LIBRARY_SEARCH_PATHS_QUOTED_FOR_TARGET_33)",
					"$(LIBRARY_SEARCH_PATHS_QUOTED_FOR_TARGET_34)",
					"$(LIBRARY_SEARCH_PATHS_QUOTED_FOR_TARGET_35)",
					"$(LIBRARY_SEARCH_PATHS_QUOTED_FOR_TARGET_36)",
					"$(LIBRARY_SEARCH_PATHS_QUOTED_FOR_TARGET_37)",
					"$(LIBRARY_SEARCH_PATHS_QUOTED_FOR_TARGET_38)",
					"$(LIBRARY_SEARCH_PATHS_QUOTED_FOR_TARGET_39)",
					"$(LIBRARY_SEARCH_PATHS_QUOTED_FOR_TARGET_40)",
					"$(LIBRARY_SEARCH_PATHS_QUOTED_FOR_TARGET_41)",
					"$(LIBRARY_SEARCH_PATHS_QUOTED_FOR_TARGET_42)",
					"$(LIBRARY_SEARCH_PATHS_QUOTED_FOR_TARGET_43)",
					"$(LIBRARY_SEARCH_PATHS_QUOTED_FOR_TARGET_44)",
					"$(LIBRARY_SEARCH_PATHS_QUOTED_FOR_TARGET_45)",
					"$(LIBRARY_SEARCH_PATHS_QUOTED_FOR_TARGET_46)",
					"$(LIBRARY_SEARCH_PATHS_QUOTED_FOR_TARGET_47)",
					"$(LIBRARY_SEARCH_PATHS_QUOTED_FOR_TARGET_48)",
					"$(LIBRARY_SEARCH_PATHS_QUOTED_FOR_TARGET_49)",
					"$(LIBRARY_SEARCH_PATHS_QUOTED_FOR_TARGET_50)",
					"$(LIBRARY_SEARCH_PATHS_QUOTED_FOR_TARGET_51)",
					"$(LIBRARY_SEARCH_PATHS_QUOTED_FOR_TARGET_52)",
				);
				PRODUCT_NAME = "$(TARGET_NAME)Debug";
				WRAPPER_EXTENSION = app;
			};
			name = Debug;
		};
		E4B69B610A3A1757003C02F2 /* Release */ = {
			isa = XCBuildConfiguration;
			buildSettings = {
				COMBINE_HIDPI_IMAGES = YES;
				COPY_PHASE_STRIP = YES;
				FRAMEWORK_SEARCH_PATHS = (
					"$(inherited)",
					"$(FRAMEWORK_SEARCH_PATHS_QUOTED_FOR_TARGET_1)",
				);
				FRAMEWORK_SEARCH_PATHS_QUOTED_FOR_TARGET_1 = "\"$(SRCROOT)/../../../libs/glut/lib/osx\"";
				GCC_GENERATE_DEBUGGING_SYMBOLS = YES;
				GCC_MODEL_TUNING = NONE;
				ICON = "$(ICON_NAME_RELEASE)";
				ICON_FILE = "$(ICON_FILE_PATH)$(ICON)";
				INFOPLIST_FILE = "openFrameworks-Info.plist";
				INSTALL_PATH = "$(HOME)/Applications";
				LIBRARY_SEARCH_PATHS = (
					"$(inherited)",
					"$(LIBRARY_SEARCH_PATHS_QUOTED_FOR_TARGET_1)",
					"$(LIBRARY_SEARCH_PATHS_QUOTED_FOR_TARGET_2)",
					"$(LIBRARY_SEARCH_PATHS_QUOTED_FOR_TARGET_3)",
					"$(LIBRARY_SEARCH_PATHS_QUOTED_FOR_TARGET_4)",
					"$(LIBRARY_SEARCH_PATHS_QUOTED_FOR_TARGET_5)",
					"$(LIBRARY_SEARCH_PATHS_QUOTED_FOR_TARGET_6)",
					"$(LIBRARY_SEARCH_PATHS_QUOTED_FOR_TARGET_7)",
					"$(LIBRARY_SEARCH_PATHS_QUOTED_FOR_TARGET_8)",
					"$(LIBRARY_SEARCH_PATHS_QUOTED_FOR_TARGET_9)",
					"$(LIBRARY_SEARCH_PATHS_QUOTED_FOR_TARGET_10)",
					"$(LIBRARY_SEARCH_PATHS_QUOTED_FOR_TARGET_11)",
					"$(LIBRARY_SEARCH_PATHS_QUOTED_FOR_TARGET_12)",
					"$(LIBRARY_SEARCH_PATHS_QUOTED_FOR_TARGET_13)",
					"$(LIBRARY_SEARCH_PATHS_QUOTED_FOR_TARGET_14)",
					"$(LIBRARY_SEARCH_PATHS_QUOTED_FOR_TARGET_15)",
					"$(LIBRARY_SEARCH_PATHS_QUOTED_FOR_TARGET_2)",
					"$(LIBRARY_SEARCH_PATHS_QUOTED_1)",
					"$(LIBRARY_SEARCH_PATHS_QUOTED_FOR_TARGET_3)",
					"$(LIBRARY_SEARCH_PATHS_QUOTED_FOR_TARGET_7)",
					"$(LIBRARY_SEARCH_PATHS_QUOTED_FOR_TARGET_8)",
					"$(LIBRARY_SEARCH_PATHS_QUOTED_FOR_TARGET_9)",
					"$(LIBRARY_SEARCH_PATHS_QUOTED_FOR_TARGET_10)",
					"$(LIBRARY_SEARCH_PATHS_QUOTED_FOR_TARGET_11)",
					"$(LIBRARY_SEARCH_PATHS_QUOTED_FOR_TARGET_12)",
					"$(LIBRARY_SEARCH_PATHS_QUOTED_FOR_TARGET_13)",
					"$(LIBRARY_SEARCH_PATHS_QUOTED_FOR_TARGET_16)",
					"$(LIBRARY_SEARCH_PATHS_QUOTED_FOR_TARGET_17)",
					"$(LIBRARY_SEARCH_PATHS_QUOTED_FOR_TARGET_18)",
					"$(LIBRARY_SEARCH_PATHS_QUOTED_FOR_TARGET_19)",
					"$(LIBRARY_SEARCH_PATHS_QUOTED_FOR_TARGET_20)",
					"$(LIBRARY_SEARCH_PATHS_QUOTED_FOR_TARGET_21)",
					"$(LIBRARY_SEARCH_PATHS_QUOTED_FOR_TARGET_22)",
					"$(LIBRARY_SEARCH_PATHS_QUOTED_FOR_TARGET_23)",
					"$(LIBRARY_SEARCH_PATHS_QUOTED_FOR_TARGET_24)",
					"$(LIBRARY_SEARCH_PATHS_QUOTED_FOR_TARGET_25)",
					"$(LIBRARY_SEARCH_PATHS_QUOTED_FOR_TARGET_26)",
					"$(LIBRARY_SEARCH_PATHS_QUOTED_FOR_TARGET_27)",
					"$(LIBRARY_SEARCH_PATHS_QUOTED_FOR_TARGET_28)",
					"$(LIBRARY_SEARCH_PATHS_QUOTED_FOR_TARGET_29)",
					"$(LIBRARY_SEARCH_PATHS_QUOTED_FOR_TARGET_30)",
					"$(LIBRARY_SEARCH_PATHS_QUOTED_FOR_TARGET_31)",
					"$(LIBRARY_SEARCH_PATHS_QUOTED_FOR_TARGET_32)",
					"$(LIBRARY_SEARCH_PATHS_QUOTED_FOR_TARGET_33)",
					"$(LIBRARY_SEARCH_PATHS_QUOTED_FOR_TARGET_34)",
					"$(LIBRARY_SEARCH_PATHS_QUOTED_FOR_TARGET_35)",
					"$(LIBRARY_SEARCH_PATHS_QUOTED_FOR_TARGET_36)",
					"$(LIBRARY_SEARCH_PATHS_QUOTED_FOR_TARGET_37)",
					"$(LIBRARY_SEARCH_PATHS_QUOTED_FOR_TARGET_38)",
					"$(LIBRARY_SEARCH_PATHS_QUOTED_FOR_TARGET_39)",
					"$(LIBRARY_SEARCH_PATHS_QUOTED_FOR_TARGET_40)",
					"$(LIBRARY_SEARCH_PATHS_QUOTED_FOR_TARGET_41)",
					"$(LIBRARY_SEARCH_PATHS_QUOTED_FOR_TARGET_42)",
					"$(LIBRARY_SEARCH_PATHS_QUOTED_FOR_TARGET_43)",
					"$(LIBRARY_SEARCH_PATHS_QUOTED_FOR_TARGET_44)",
					"$(LIBRARY_SEARCH_PATHS_QUOTED_FOR_TARGET_45)",
					"$(LIBRARY_SEARCH_PATHS_QUOTED_FOR_TARGET_46)",
					"$(LIBRARY_SEARCH_PATHS_QUOTED_FOR_TARGET_47)",
					"$(LIBRARY_SEARCH_PATHS_QUOTED_FOR_TARGET_48)",
					"$(LIBRARY_SEARCH_PATHS_QUOTED_FOR_TARGET_49)",
					"$(LIBRARY_SEARCH_PATHS_QUOTED_FOR_TARGET_50)",
					"$(LIBRARY_SEARCH_PATHS_QUOTED_FOR_TARGET_51)",
				);
				PRODUCT_NAME = "$(TARGET_NAME)";
				WRAPPER_EXTENSION = app;
			};
			name = Release;
		};
/* End XCBuildConfiguration section */

/* Begin XCConfigurationList section */
		E4B69B4D0A3A1720003C02F2 /* Build configuration list for PBXProject "HaloLight" */ = {
			isa = XCConfigurationList;
			buildConfigurations = (
				E4B69B4E0A3A1720003C02F2 /* Debug */,
				E4B69B4F0A3A1720003C02F2 /* Release */,
			);
			defaultConfigurationIsVisible = 0;
			defaultConfigurationName = Release;
		};
		E4B69B5F0A3A1757003C02F2 /* Build configuration list for PBXNativeTarget "HaloLight" */ = {
			isa = XCConfigurationList;
			buildConfigurations = (
				E4B69B600A3A1757003C02F2 /* Debug */,
				E4B69B610A3A1757003C02F2 /* Release */,
			);
			defaultConfigurationIsVisible = 0;
			defaultConfigurationName = Release;
		};
/* End XCConfigurationList section */
	};
	rootObject = E4B69B4C0A3A1720003C02F2 /* Project object */;
}
